{
    "name": "ozon-sdk",
    "version": "0.1.0",
    "lockfileVersion": 2,
    "requires": true,
    "packages": {
        "": {
            "name": "ozon-sdk",
            "version": "0.1.0",
            "license": "ISC",
            "dependencies": {
                "axios": "^0.21.1"
            },
            "devDependencies": {
                "@types/axios": "^0.14.0",
                "@types/dotenv": "^8.2.0",
                "@types/node": "^16.7.6",
                "dotenv": "^10.0.0",
                "tslib": "^2.3.1"
            }
        },
        "node_modules/@types/axios": {
            "version": "0.14.0",
            "resolved": "https://registry.npmjs.org/@types/axios/-/axios-0.14.0.tgz",
            "integrity": "sha1-7CMA++fX3d1+udOr+HmZlkyvzkY=",
            "deprecated": "This is a stub types definition for axios (https://github.com/mzabriskie/axios). axios provides its own type definitions, so you don't need @types/axios installed!",
            "dev": true,
            "dependencies": {
                "axios": "*"
            }
        },
        "node_modules/@types/dotenv": {
            "version": "8.2.0",
            "resolved": "https://registry.npmjs.org/@types/dotenv/-/dotenv-8.2.0.tgz",
            "integrity": "sha512-ylSC9GhfRH7m1EUXBXofhgx4lUWmFeQDINW5oLuS+gxWdfUeW4zJdeVTYVkexEW+e2VUvlZR2kGnGGipAWR7kw==",
            "deprecated": "This is a stub types definition. dotenv provides its own type definitions, so you do not need this installed.",
            "dev": true,
            "dependencies": {
                "dotenv": "*"
            }
        },
        "node_modules/@types/node": {
            "version": "16.7.6",
            "resolved": "https://registry.npmjs.org/@types/node/-/node-16.7.6.tgz",
            "integrity": "sha512-VESVNFoa/ahYA62xnLBjo5ur6gPsgEE5cNRy8SrdnkZ2nwJSW0kJ4ufbFr2zuU9ALtHM8juY53VcRoTA7htXSg==",
            "dev": true
        },
        "node_modules/axios": {
            "version": "0.21.1",
            "resolved": "https://registry.npmjs.org/axios/-/axios-0.21.1.tgz",
            "integrity": "sha512-dKQiRHxGD9PPRIUNIWvZhPTPpl1rf/OxTYKsqKUDjBwYylTvV7SjSHJb9ratfyzM6wCdLCOYLzs73qpg5c4iGA==",
            "dependencies": {
                "follow-redirects": "^1.10.0"
            }
        },
        "node_modules/dotenv": {
            "version": "10.0.0",
            "resolved": "https://registry.npmjs.org/dotenv/-/dotenv-10.0.0.tgz",
            "integrity": "sha512-rlBi9d8jpv9Sf1klPjNfFAuWDjKLwTIJJ/VxtoTwIR6hnZxcEOQCZg2oIL3MWBYw5GpUDKOEnND7LXTbIpQ03Q==",
            "dev": true,
            "engines": {
                "node": ">=10"
            }
        },
        "node_modules/follow-redirects": {
            "version": "1.14.2",
            "resolved": "https://registry.npmjs.org/follow-redirects/-/follow-redirects-1.14.2.tgz",
            "integrity": "sha512-yLR6WaE2lbF0x4K2qE2p9PEXKLDjUjnR/xmjS3wHAYxtlsI9MLLBJUZirAHKzUZDGLxje7w/cXR49WOUo4rbsA==",
            "funding": [
                {
                    "type": "individual",
                    "url": "https://github.com/sponsors/RubenVerborgh"
                }
            ],
            "engines": {
                "node": ">=4.0"
            },
            "peerDependenciesMeta": {
                "debug": {
                    "optional": true
                }
            }
        },
        "node_modules/tslib": {
            "version": "2.3.1",
            "resolved": "https://registry.npmjs.org/tslib/-/tslib-2.3.1.tgz",
            "integrity": "sha512-77EbyPPpMz+FRFRuAFlWMtmgUWGe9UOG2Z25NqCwiIjRhOf5iKGuzSe5P2w1laq+FkRy4p+PCuVkJSGkzTEKVw==",
            "dev": true
        }
    },
    "dependencies": {
        "@types/axios": {
            "version": "0.14.0",
            "resolved": "https://registry.npmjs.org/@types/axios/-/axios-0.14.0.tgz",
            "integrity": "sha1-7CMA++fX3d1+udOr+HmZlkyvzkY=",
            "dev": true,
            "requires": {
                "axios": "*"
            }
        },
        "@types/dotenv": {
            "version": "8.2.0",
            "resolved": "https://registry.npmjs.org/@types/dotenv/-/dotenv-8.2.0.tgz",
            "integrity": "sha512-ylSC9GhfRH7m1EUXBXofhgx4lUWmFeQDINW5oLuS+gxWdfUeW4zJdeVTYVkexEW+e2VUvlZR2kGnGGipAWR7kw==",
            "dev": true,
            "requires": {
                "dotenv": "*"
            }
        },
        "@types/node": {
            "version": "16.7.6",
            "resolved": "https://registry.npmjs.org/@types/node/-/node-16.7.6.tgz",
            "integrity": "sha512-VESVNFoa/ahYA62xnLBjo5ur6gPsgEE5cNRy8SrdnkZ2nwJSW0kJ4ufbFr2zuU9ALtHM8juY53VcRoTA7htXSg==",
            "dev": true
        },
        "axios": {
            "version": "0.21.1",
            "resolved": "https://registry.npmjs.org/axios/-/axios-0.21.1.tgz",
            "integrity": "sha512-dKQiRHxGD9PPRIUNIWvZhPTPpl1rf/OxTYKsqKUDjBwYylTvV7SjSHJb9ratfyzM6wCdLCOYLzs73qpg5c4iGA==",
            "requires": {
                "follow-redirects": "^1.10.0"
            }
        },
        "dotenv": {
            "version": "10.0.0",
            "resolved": "https://registry.npmjs.org/dotenv/-/dotenv-10.0.0.tgz",
            "integrity": "sha512-rlBi9d8jpv9Sf1klPjNfFAuWDjKLwTIJJ/VxtoTwIR6hnZxcEOQCZg2oIL3MWBYw5GpUDKOEnND7LXTbIpQ03Q==",
            "dev": true
        },
        "follow-redirects": {
            "version": "1.14.2",
            "resolved": "https://registry.npmjs.org/follow-redirects/-/follow-redirects-1.14.2.tgz",
            "integrity": "sha512-yLR6WaE2lbF0x4K2qE2p9PEXKLDjUjnR/xmjS3wHAYxtlsI9MLLBJUZirAHKzUZDGLxje7w/cXR49WOUo4rbsA=="
        },
        "tslib": {
            "version": "2.3.1",
            "resolved": "https://registry.npmjs.org/tslib/-/tslib-2.3.1.tgz",
            "integrity": "sha512-77EbyPPpMz+FRFRuAFlWMtmgUWGe9UOG2Z25NqCwiIjRhOf5iKGuzSe5P2w1laq+FkRy4p+PCuVkJSGkzTEKVw==",
            "dev": true
        }
    }
}
