{
    "name": "ozon-sdk",
    "version": "0.1.0",
    "lockfileVersion": 2,
    "requires": true,
    "packages": {
        "": {
            "name": "ozon-sdk",
            "version": "0.1.0",
            "license": "ISC",
            "dependencies": {
                "axios": "^0.21.1",
                "xlsx": "^0.17.1"
            },
            "devDependencies": {
                "@types/axios": "^0.14.0",
                "@types/dotenv": "^8.2.0",
                "@types/node": "^16.7.6",
                "dotenv": "^10.0.0",
                "tslib": "^2.3.1"
            }
        },
        "node_modules/@types/axios": {
            "version": "0.14.0",
            "resolved": "https://registry.npmjs.org/@types/axios/-/axios-0.14.0.tgz",
            "integrity": "sha1-7CMA++fX3d1+udOr+HmZlkyvzkY=",
            "deprecated": "This is a stub types definition for axios (https://github.com/mzabriskie/axios). axios provides its own type definitions, so you don't need @types/axios installed!",
            "dev": true,
            "dependencies": {
                "axios": "*"
            }
        },
        "node_modules/@types/dotenv": {
            "version": "8.2.0",
            "resolved": "https://registry.npmjs.org/@types/dotenv/-/dotenv-8.2.0.tgz",
            "integrity": "sha512-ylSC9GhfRH7m1EUXBXofhgx4lUWmFeQDINW5oLuS+gxWdfUeW4zJdeVTYVkexEW+e2VUvlZR2kGnGGipAWR7kw==",
            "deprecated": "This is a stub types definition. dotenv provides its own type definitions, so you do not need this installed.",
            "dev": true,
            "dependencies": {
                "dotenv": "*"
            }
        },
        "node_modules/@types/node": {
            "version": "16.7.6",
            "resolved": "https://registry.npmjs.org/@types/node/-/node-16.7.6.tgz",
            "integrity": "sha512-VESVNFoa/ahYA62xnLBjo5ur6gPsgEE5cNRy8SrdnkZ2nwJSW0kJ4ufbFr2zuU9ALtHM8juY53VcRoTA7htXSg==",
            "dev": true
        },
        "node_modules/adler-32": {
            "version": "1.2.0",
            "resolved": "https://registry.npmjs.org/adler-32/-/adler-32-1.2.0.tgz",
            "integrity": "sha1-aj5r8KY5ALoVZSgIyxXGgT0aXyU=",
            "dependencies": {
                "exit-on-epipe": "~1.0.1",
                "printj": "~1.1.0"
            },
            "bin": {
                "adler32": "bin/adler32.njs"
            },
            "engines": {
                "node": ">=0.8"
            }
        },
        "node_modules/axios": {
            "version": "0.21.1",
            "resolved": "https://registry.npmjs.org/axios/-/axios-0.21.1.tgz",
            "integrity": "sha512-dKQiRHxGD9PPRIUNIWvZhPTPpl1rf/OxTYKsqKUDjBwYylTvV7SjSHJb9ratfyzM6wCdLCOYLzs73qpg5c4iGA==",
            "dependencies": {
                "follow-redirects": "^1.10.0"
            }
        },
        "node_modules/cfb": {
            "version": "1.2.0",
            "resolved": "https://registry.npmjs.org/cfb/-/cfb-1.2.0.tgz",
            "integrity": "sha512-sXMvHsKCICVR3Naq+J556K+ExBo9n50iKl6LGarlnvuA2035uMlGA/qVrc0wQtow5P1vJEw9UyrKLCbtIKz+TQ==",
            "dependencies": {
                "adler-32": "~1.2.0",
                "crc-32": "~1.2.0",
                "printj": "~1.1.2"
            },
            "engines": {
                "node": ">=0.8"
            }
        },
        "node_modules/codepage": {
            "version": "1.15.0",
            "resolved": "https://registry.npmjs.org/codepage/-/codepage-1.15.0.tgz",
            "integrity": "sha512-3g6NUTPd/YtuuGrhMnOMRjFc+LJw/bnMp3+0r/Wcz3IXUuCosKRJvMphm5+Q+bvTVGcJJuRvVLuYba+WojaFaA==",
            "engines": {
                "node": ">=0.8"
            }
        },
        "node_modules/commander": {
            "version": "2.17.1",
            "resolved": "https://registry.npmjs.org/commander/-/commander-2.17.1.tgz",
            "integrity": "sha512-wPMUt6FnH2yzG95SA6mzjQOEKUU3aLaDEmzs1ti+1E9h+CsrZghRlqEM/EJ4KscsQVG8uNN4uVreUeT8+drlgg=="
        },
        "node_modules/crc-32": {
            "version": "1.2.0",
            "resolved": "https://registry.npmjs.org/crc-32/-/crc-32-1.2.0.tgz",
            "integrity": "sha512-1uBwHxF+Y/4yF5G48fwnKq6QsIXheor3ZLPT80yGBV1oEUwpPojlEhQbWKVw1VwcTQyMGHK1/XMmTjmlsmTTGA==",
            "dependencies": {
                "exit-on-epipe": "~1.0.1",
                "printj": "~1.1.0"
            },
            "bin": {
                "crc32": "bin/crc32.njs"
            },
            "engines": {
                "node": ">=0.8"
            }
        },
        "node_modules/dotenv": {
            "version": "10.0.0",
            "resolved": "https://registry.npmjs.org/dotenv/-/dotenv-10.0.0.tgz",
            "integrity": "sha512-rlBi9d8jpv9Sf1klPjNfFAuWDjKLwTIJJ/VxtoTwIR6hnZxcEOQCZg2oIL3MWBYw5GpUDKOEnND7LXTbIpQ03Q==",
            "dev": true,
            "engines": {
                "node": ">=10"
            }
        },
        "node_modules/exit-on-epipe": {
            "version": "1.0.1",
            "resolved": "https://registry.npmjs.org/exit-on-epipe/-/exit-on-epipe-1.0.1.tgz",
            "integrity": "sha512-h2z5mrROTxce56S+pnvAV890uu7ls7f1kEvVGJbw1OlFH3/mlJ5bkXu0KRyW94v37zzHPiUd55iLn3DA7TjWpw==",
            "engines": {
                "node": ">=0.8"
            }
        },
        "node_modules/fflate": {
            "version": "0.3.11",
            "resolved": "https://registry.npmjs.org/fflate/-/fflate-0.3.11.tgz",
            "integrity": "sha512-Rr5QlUeGN1mbOHlaqcSYMKVpPbgLy0AWT/W0EHxA6NGI12yO1jpoui2zBBvU2G824ltM6Ut8BFgfHSBGfkmS0A=="
        },
        "node_modules/follow-redirects": {
            "version": "1.14.2",
            "resolved": "https://registry.npmjs.org/follow-redirects/-/follow-redirects-1.14.2.tgz",
            "integrity": "sha512-yLR6WaE2lbF0x4K2qE2p9PEXKLDjUjnR/xmjS3wHAYxtlsI9MLLBJUZirAHKzUZDGLxje7w/cXR49WOUo4rbsA==",
            "funding": [
                {
                    "type": "individual",
                    "url": "https://github.com/sponsors/RubenVerborgh"
                }
            ],
            "engines": {
                "node": ">=4.0"
            },
            "peerDependenciesMeta": {
                "debug": {
                    "optional": true
                }
            }
        },
        "node_modules/frac": {
            "version": "1.1.2",
            "resolved": "https://registry.npmjs.org/frac/-/frac-1.1.2.tgz",
            "integrity": "sha512-w/XBfkibaTl3YDqASwfDUqkna4Z2p9cFSr1aHDt0WoMTECnRfBOv2WArlZILlqgWlmdIlALXGpM2AOhEk5W3IA==",
            "engines": {
                "node": ">=0.8"
            }
        },
        "node_modules/printj": {
            "version": "1.1.2",
            "resolved": "https://registry.npmjs.org/printj/-/printj-1.1.2.tgz",
            "integrity": "sha512-zA2SmoLaxZyArQTOPj5LXecR+RagfPSU5Kw1qP+jkWeNlrq+eJZyY2oS68SU1Z/7/myXM4lo9716laOFAVStCQ==",
            "bin": {
                "printj": "bin/printj.njs"
            },
            "engines": {
                "node": ">=0.8"
            }
        },
        "node_modules/ssf": {
            "version": "0.11.2",
            "resolved": "https://registry.npmjs.org/ssf/-/ssf-0.11.2.tgz",
            "integrity": "sha512-+idbmIXoYET47hH+d7dfm2epdOMUDjqcB4648sTZ+t2JwoyBFL/insLfB/racrDmsKB3diwsDA696pZMieAC5g==",
            "dependencies": {
                "frac": "~1.1.2"
            },
            "engines": {
                "node": ">=0.8"
            }
        },
        "node_modules/tslib": {
            "version": "2.3.1",
            "resolved": "https://registry.npmjs.org/tslib/-/tslib-2.3.1.tgz",
            "integrity": "sha512-77EbyPPpMz+FRFRuAFlWMtmgUWGe9UOG2Z25NqCwiIjRhOf5iKGuzSe5P2w1laq+FkRy4p+PCuVkJSGkzTEKVw==",
            "dev": true
        },
        "node_modules/wmf": {
            "version": "1.0.2",
            "resolved": "https://registry.npmjs.org/wmf/-/wmf-1.0.2.tgz",
            "integrity": "sha512-/p9K7bEh0Dj6WbXg4JG0xvLQmIadrner1bi45VMJTfnbVHsc7yIajZyoSoK60/dtVBs12Fm6WkUI5/3WAVsNMw==",
            "engines": {
                "node": ">=0.8"
            }
        },
        "node_modules/word": {
            "version": "0.3.0",
            "resolved": "https://registry.npmjs.org/word/-/word-0.3.0.tgz",
            "integrity": "sha512-OELeY0Q61OXpdUfTp+oweA/vtLVg5VDOXh+3he3PNzLGG/y0oylSOC1xRVj0+l4vQ3tj/bB1HVHv1ocXkQceFA==",
            "engines": {
                "node": ">=0.8"
            }
        },
        "node_modules/xlsx": {
            "version": "0.17.1",
            "resolved": "https://registry.npmjs.org/xlsx/-/xlsx-0.17.1.tgz",
            "integrity": "sha512-SrvK+kMEjiVIKYyJSjSIJwzm2cZn8nQWVh708g7O+pTsmgjoa+uYNLEUn7jmwQdMI/ffCHcY5yEvwBXssBwpRA==",
            "dependencies": {
                "adler-32": "~1.2.0",
                "cfb": "^1.1.4",
                "codepage": "~1.15.0",
                "commander": "~2.17.1",
                "crc-32": "~1.2.0",
                "exit-on-epipe": "~1.0.1",
                "fflate": "^0.3.8",
                "ssf": "~0.11.2",
                "wmf": "~1.0.1",
                "word": "~0.3.0"
            },
            "bin": {
                "xlsx": "bin/xlsx.njs"
            },
            "engines": {
                "node": ">=0.8"
            }
        }
    },
    "dependencies": {
        "@types/axios": {
            "version": "0.14.0",
            "resolved": "https://registry.npmjs.org/@types/axios/-/axios-0.14.0.tgz",
            "integrity": "sha1-7CMA++fX3d1+udOr+HmZlkyvzkY=",
            "dev": true,
            "requires": {
                "axios": "*"
            }
        },
        "@types/dotenv": {
            "version": "8.2.0",
            "resolved": "https://registry.npmjs.org/@types/dotenv/-/dotenv-8.2.0.tgz",
            "integrity": "sha512-ylSC9GhfRH7m1EUXBXofhgx4lUWmFeQDINW5oLuS+gxWdfUeW4zJdeVTYVkexEW+e2VUvlZR2kGnGGipAWR7kw==",
            "dev": true,
            "requires": {
                "dotenv": "*"
            }
        },
        "@types/node": {
            "version": "16.7.6",
            "resolved": "https://registry.npmjs.org/@types/node/-/node-16.7.6.tgz",
            "integrity": "sha512-VESVNFoa/ahYA62xnLBjo5ur6gPsgEE5cNRy8SrdnkZ2nwJSW0kJ4ufbFr2zuU9ALtHM8juY53VcRoTA7htXSg==",
            "dev": true
        },
        "adler-32": {
            "version": "1.2.0",
            "resolved": "https://registry.npmjs.org/adler-32/-/adler-32-1.2.0.tgz",
            "integrity": "sha1-aj5r8KY5ALoVZSgIyxXGgT0aXyU=",
            "requires": {
                "exit-on-epipe": "~1.0.1",
                "printj": "~1.1.0"
            }
        },
        "axios": {
            "version": "0.21.1",
            "resolved": "https://registry.npmjs.org/axios/-/axios-0.21.1.tgz",
            "integrity": "sha512-dKQiRHxGD9PPRIUNIWvZhPTPpl1rf/OxTYKsqKUDjBwYylTvV7SjSHJb9ratfyzM6wCdLCOYLzs73qpg5c4iGA==",
            "requires": {
                "follow-redirects": "^1.10.0"
            }
        },
        "cfb": {
            "version": "1.2.0",
            "resolved": "https://registry.npmjs.org/cfb/-/cfb-1.2.0.tgz",
            "integrity": "sha512-sXMvHsKCICVR3Naq+J556K+ExBo9n50iKl6LGarlnvuA2035uMlGA/qVrc0wQtow5P1vJEw9UyrKLCbtIKz+TQ==",
            "requires": {
                "adler-32": "~1.2.0",
                "crc-32": "~1.2.0",
                "printj": "~1.1.2"
            }
        },
        "codepage": {
            "version": "1.15.0",
            "resolved": "https://registry.npmjs.org/codepage/-/codepage-1.15.0.tgz",
            "integrity": "sha512-3g6NUTPd/YtuuGrhMnOMRjFc+LJw/bnMp3+0r/Wcz3IXUuCosKRJvMphm5+Q+bvTVGcJJuRvVLuYba+WojaFaA=="
        },
        "commander": {
            "version": "2.17.1",
            "resolved": "https://registry.npmjs.org/commander/-/commander-2.17.1.tgz",
            "integrity": "sha512-wPMUt6FnH2yzG95SA6mzjQOEKUU3aLaDEmzs1ti+1E9h+CsrZghRlqEM/EJ4KscsQVG8uNN4uVreUeT8+drlgg=="
        },
        "crc-32": {
            "version": "1.2.0",
            "resolved": "https://registry.npmjs.org/crc-32/-/crc-32-1.2.0.tgz",
            "integrity": "sha512-1uBwHxF+Y/4yF5G48fwnKq6QsIXheor3ZLPT80yGBV1oEUwpPojlEhQbWKVw1VwcTQyMGHK1/XMmTjmlsmTTGA==",
            "requires": {
                "exit-on-epipe": "~1.0.1",
                "printj": "~1.1.0"
            }
        },
        "dotenv": {
            "version": "10.0.0",
            "resolved": "https://registry.npmjs.org/dotenv/-/dotenv-10.0.0.tgz",
            "integrity": "sha512-rlBi9d8jpv9Sf1klPjNfFAuWDjKLwTIJJ/VxtoTwIR6hnZxcEOQCZg2oIL3MWBYw5GpUDKOEnND7LXTbIpQ03Q==",
            "dev": true
        },
        "exit-on-epipe": {
            "version": "1.0.1",
            "resolved": "https://registry.npmjs.org/exit-on-epipe/-/exit-on-epipe-1.0.1.tgz",
            "integrity": "sha512-h2z5mrROTxce56S+pnvAV890uu7ls7f1kEvVGJbw1OlFH3/mlJ5bkXu0KRyW94v37zzHPiUd55iLn3DA7TjWpw=="
        },
        "fflate": {
            "version": "0.3.11",
            "resolved": "https://registry.npmjs.org/fflate/-/fflate-0.3.11.tgz",
            "integrity": "sha512-Rr5QlUeGN1mbOHlaqcSYMKVpPbgLy0AWT/W0EHxA6NGI12yO1jpoui2zBBvU2G824ltM6Ut8BFgfHSBGfkmS0A=="
        },
        "follow-redirects": {
            "version": "1.14.2",
            "resolved": "https://registry.npmjs.org/follow-redirects/-/follow-redirects-1.14.2.tgz",
            "integrity": "sha512-yLR6WaE2lbF0x4K2qE2p9PEXKLDjUjnR/xmjS3wHAYxtlsI9MLLBJUZirAHKzUZDGLxje7w/cXR49WOUo4rbsA=="
        },
        "frac": {
            "version": "1.1.2",
            "resolved": "https://registry.npmjs.org/frac/-/frac-1.1.2.tgz",
            "integrity": "sha512-w/XBfkibaTl3YDqASwfDUqkna4Z2p9cFSr1aHDt0WoMTECnRfBOv2WArlZILlqgWlmdIlALXGpM2AOhEk5W3IA=="
        },
        "printj": {
            "version": "1.1.2",
            "resolved": "https://registry.npmjs.org/printj/-/printj-1.1.2.tgz",
            "integrity": "sha512-zA2SmoLaxZyArQTOPj5LXecR+RagfPSU5Kw1qP+jkWeNlrq+eJZyY2oS68SU1Z/7/myXM4lo9716laOFAVStCQ=="
        },
        "ssf": {
            "version": "0.11.2",
            "resolved": "https://registry.npmjs.org/ssf/-/ssf-0.11.2.tgz",
            "integrity": "sha512-+idbmIXoYET47hH+d7dfm2epdOMUDjqcB4648sTZ+t2JwoyBFL/insLfB/racrDmsKB3diwsDA696pZMieAC5g==",
            "requires": {
                "frac": "~1.1.2"
            }
        },
        "tslib": {
            "version": "2.3.1",
            "resolved": "https://registry.npmjs.org/tslib/-/tslib-2.3.1.tgz",
            "integrity": "sha512-77EbyPPpMz+FRFRuAFlWMtmgUWGe9UOG2Z25NqCwiIjRhOf5iKGuzSe5P2w1laq+FkRy4p+PCuVkJSGkzTEKVw==",
            "dev": true
        },
        "wmf": {
            "version": "1.0.2",
            "resolved": "https://registry.npmjs.org/wmf/-/wmf-1.0.2.tgz",
            "integrity": "sha512-/p9K7bEh0Dj6WbXg4JG0xvLQmIadrner1bi45VMJTfnbVHsc7yIajZyoSoK60/dtVBs12Fm6WkUI5/3WAVsNMw=="
        },
        "word": {
            "version": "0.3.0",
            "resolved": "https://registry.npmjs.org/word/-/word-0.3.0.tgz",
            "integrity": "sha512-OELeY0Q61OXpdUfTp+oweA/vtLVg5VDOXh+3he3PNzLGG/y0oylSOC1xRVj0+l4vQ3tj/bB1HVHv1ocXkQceFA=="
        },
        "xlsx": {
            "version": "0.17.1",
            "resolved": "https://registry.npmjs.org/xlsx/-/xlsx-0.17.1.tgz",
            "integrity": "sha512-SrvK+kMEjiVIKYyJSjSIJwzm2cZn8nQWVh708g7O+pTsmgjoa+uYNLEUn7jmwQdMI/ffCHcY5yEvwBXssBwpRA==",
            "requires": {
                "adler-32": "~1.2.0",
                "cfb": "^1.1.4",
                "codepage": "~1.15.0",
                "commander": "~2.17.1",
                "crc-32": "~1.2.0",
                "exit-on-epipe": "~1.0.1",
                "fflate": "^0.3.8",
                "ssf": "~0.11.2",
                "wmf": "~1.0.1",
                "word": "~0.3.0"
            }
        }
    }
}
